
Microsoft Visual Studio Solution File, Format Version 12.00
# Visual Studio Version 17
VisualStudioVersion = 17.9.34616.47
MinimumVisualStudioVersion = 10.0.40219.1
Project("{FAE04EC0-301F-11D3-BF4B-00C04F79EFBC}") = "RazorPageMovie1", "RazorPageMovie1\RazorPageMovie1.csproj", "{A9D4D11B-6968-4C35-BA03-EE716D1480B6}"
EndProject
Global
	GlobalSection(SolutionConfigurationPlatforms) = preSolution
		Debug|Any CPU = Debug|Any CPU
		Release|Any CPU = Release|Any CPU
	EndGlobalSection
	GlobalSection(ProjectConfigurationPlatforms) = postSolution
		{A9D4D11B-6968-4C35-BA03-EE716D1480B6}.Debug|Any CPU.ActiveCfg = Debug|Any CPU
		{A9D4D11B-6968-4C35-BA03-EE716D1480B6}.Debug|Any CPU.Build.0 = Debug|Any CPU
		{A9D4D11B-6968-4C35-BA03-EE716D1480B6}.Release|Any CPU.ActiveCfg = Release|Any CPU
		{A9D4D11B-6968-4C35-BA03-EE716D1480B6}.Release|Any CPU.Build.0 = Release|Any CPU
	EndGlobalSection
	GlobalSection(SolutionProperties) = preSolution
		HideSolutionNode = FALSE
	EndGlobalSection
	GlobalSection(ExtensibilityGlobals) = postSolution
		SolutionGuid = {F551806E-B25A-4778-9EDE-C89580A3F520}
	EndGlobalSection
EndGlobal
